
Microsoft Visual Studio Solution File, Format Version 12.00
# Visual Studio 2013
VisualStudioVersion = 12.0.30110.0
MinimumVisualStudioVersion = 10.0.40219.1
Project("{2150E333-8FDC-42A3-9474-1A3956D46DE8}") = "Presentation", "Presentation", "{971BC25E-436A-4336-8834-166B9BB9B905}"
EndProject
Project("{FAE04EC0-301F-11D3-BF4B-00C04F79EFBC}") = "GestioneCopie.WPF.App", "GestioneCopie.WPF.App\GestioneCopie.WPF.App.csproj", "{A1C82741-15EB-4EB5-A885-B00703B08823}"
EndProject
Project("{2150E333-8FDC-42A3-9474-1A3956D46DE8}") = "Common", "Common", "{11F999E3-99D3-4E90-A500-3DA918EA4BF8}"
EndProject
Project("{2150E333-8FDC-42A3-9474-1A3956D46DE8}") = "Data", "Data", "{536FBC6E-4E28-4B8D-BCDE-2B544CC855E6}"
EndProject
Project("{FAE04EC0-301F-11D3-BF4B-00C04F79EFBC}") = "GestioneCopie.Data", "GestioneCopie.Data\GestioneCopie.Data.csproj", "{0084AE16-00E4-4E4C-96E1-A816CFC86CC4}"
EndProject
Project("{2150E333-8FDC-42A3-9474-1A3956D46DE8}") = "Business", "Business", "{30A44479-8B3F-4805-9898-5E5734080A0D}"
EndProject
Project("{FAE04EC0-301F-11D3-BF4B-00C04F79EFBC}") = "GestioneCopie.Business", "GestioneCopie.Business\GestioneCopie.Business.csproj", "{63211EA5-AF09-45FA-BE99-82314C5DE91E}"
EndProject
Project("{FAE04EC0-301F-11D3-BF4B-00C04F79EFBC}") = "GestioneCopie.Data.Model", "GestioneCopie.Data.Model\GestioneCopie.Data.Model.csproj", "{43A4E13E-27CE-40C0-96F1-7FC2D00AC5F1}"
EndProject
Project("{FAE04EC0-301F-11D3-BF4B-00C04F79EFBC}") = "GestioneCopie.Common.Resources", "GestioneCopie.Common.Resources\GestioneCopie.Common.Resources.csproj", "{1F554B1D-C114-4D05-91C5-A9B40A7433A5}"
EndProject
Project("{FAE04EC0-301F-11D3-BF4B-00C04F79EFBC}") = "GestioneCopie.Common.UI", "GestioneCopie.Common.UI\GestioneCopie.Common.UI.csproj", "{A617FA77-BDFB-44FC-B496-B7B492FE7074}"
EndProject
Project("{FAE04EC0-301F-11D3-BF4B-00C04F79EFBC}") = "GestioneCopie.Common.Infrastructures", "GestioneCopie.Common.Infrastructures\GestioneCopie.Common.Infrastructures.csproj", "{F47DE66D-D958-4A15-928B-D738A8ABCCE4}"
EndProject
Project("{2150E333-8FDC-42A3-9474-1A3956D46DE8}") = "Setup", "Setup", "{7419BFB2-69F2-472F-BD4C-F7BC9BE0B091}"
EndProject
Project("{6141683F-8A12-4E36-9623-2EB02B2C2303}") = "GestioneCopie.Setup", "GestioneCopie.Setup\GestioneCopie.Setup.isproj", "{554D3B6D-B773-4B94-AD0B-EA1A4915EF61}"
	ProjectSection(ProjectDependencies) = postProject
		{A1C82741-15EB-4EB5-A885-B00703B08823} = {A1C82741-15EB-4EB5-A885-B00703B08823}
	EndProjectSection
EndProject
Project("{FAE04EC0-301F-11D3-BF4B-00C04F79EFBC}") = "GestioneCopie.Common.CustomControl", "GestioneCopie.Common.CustomControl\GestioneCopie.Common.CustomControl.csproj", "{E32EDCC6-C320-449A-9D28-1A07157B9DC4}"
EndProject
Global
	GlobalSection(SolutionConfigurationPlatforms) = preSolution
		CD_ROM|Any CPU = CD_ROM|Any CPU
		Debug|Any CPU = Debug|Any CPU
		DVD-5|Any CPU = DVD-5|Any CPU
		Release|Any CPU = Release|Any CPU
		SingleImage|Any CPU = SingleImage|Any CPU
	EndGlobalSection
	GlobalSection(ProjectConfigurationPlatforms) = postSolution
		{A1C82741-15EB-4EB5-A885-B00703B08823}.CD_ROM|Any CPU.ActiveCfg = Release|Any CPU
		{A1C82741-15EB-4EB5-A885-B00703B08823}.CD_ROM|Any CPU.Build.0 = Release|Any CPU
		{A1C82741-15EB-4EB5-A885-B00703B08823}.Debug|Any CPU.ActiveCfg = Debug|Any CPU
		{A1C82741-15EB-4EB5-A885-B00703B08823}.Debug|Any CPU.Build.0 = Debug|Any CPU
		{A1C82741-15EB-4EB5-A885-B00703B08823}.DVD-5|Any CPU.ActiveCfg = Debug|Any CPU
		{A1C82741-15EB-4EB5-A885-B00703B08823}.DVD-5|Any CPU.Build.0 = Debug|Any CPU
		{A1C82741-15EB-4EB5-A885-B00703B08823}.Release|Any CPU.ActiveCfg = Release|Any CPU
		{A1C82741-15EB-4EB5-A885-B00703B08823}.Release|Any CPU.Build.0 = Release|Any CPU
		{A1C82741-15EB-4EB5-A885-B00703B08823}.SingleImage|Any CPU.ActiveCfg = Release|Any CPU
		{A1C82741-15EB-4EB5-A885-B00703B08823}.SingleImage|Any CPU.Build.0 = Release|Any CPU
		{0084AE16-00E4-4E4C-96E1-A816CFC86CC4}.CD_ROM|Any CPU.ActiveCfg = Release|Any CPU
		{0084AE16-00E4-4E4C-96E1-A816CFC86CC4}.CD_ROM|Any CPU.Build.0 = Release|Any CPU
		{0084AE16-00E4-4E4C-96E1-A816CFC86CC4}.Debug|Any CPU.ActiveCfg = Debug|Any CPU
		{0084AE16-00E4-4E4C-96E1-A816CFC86CC4}.Debug|Any CPU.Build.0 = Debug|Any CPU
		{0084AE16-00E4-4E4C-96E1-A816CFC86CC4}.DVD-5|Any CPU.ActiveCfg = Debug|Any CPU
		{0084AE16-00E4-4E4C-96E1-A816CFC86CC4}.DVD-5|Any CPU.Build.0 = Debug|Any CPU
		{0084AE16-00E4-4E4C-96E1-A816CFC86CC4}.Release|Any CPU.ActiveCfg = Release|Any CPU
		{0084AE16-00E4-4E4C-96E1-A816CFC86CC4}.Release|Any CPU.Build.0 = Release|Any CPU
		{0084AE16-00E4-4E4C-96E1-A816CFC86CC4}.SingleImage|Any CPU.ActiveCfg = Release|Any CPU
		{0084AE16-00E4-4E4C-96E1-A816CFC86CC4}.SingleImage|Any CPU.Build.0 = Release|Any CPU
		{63211EA5-AF09-45FA-BE99-82314C5DE91E}.CD_ROM|Any CPU.ActiveCfg = Release|Any CPU
		{63211EA5-AF09-45FA-BE99-82314C5DE91E}.CD_ROM|Any CPU.Build.0 = Release|Any CPU
		{63211EA5-AF09-45FA-BE99-82314C5DE91E}.Debug|Any CPU.ActiveCfg = Debug|Any CPU
		{63211EA5-AF09-45FA-BE99-82314C5DE91E}.Debug|Any CPU.Build.0 = Debug|Any CPU
		{63211EA5-AF09-45FA-BE99-82314C5DE91E}.DVD-5|Any CPU.ActiveCfg = Debug|Any CPU
		{63211EA5-AF09-45FA-BE99-82314C5DE91E}.DVD-5|Any CPU.Build.0 = Debug|Any CPU
		{63211EA5-AF09-45FA-BE99-82314C5DE91E}.Release|Any CPU.ActiveCfg = Release|Any CPU
		{63211EA5-AF09-45FA-BE99-82314C5DE91E}.Release|Any CPU.Build.0 = Release|Any CPU
		{63211EA5-AF09-45FA-BE99-82314C5DE91E}.SingleImage|Any CPU.ActiveCfg = Release|Any CPU
		{63211EA5-AF09-45FA-BE99-82314C5DE91E}.SingleImage|Any CPU.Build.0 = Release|Any CPU
		{43A4E13E-27CE-40C0-96F1-7FC2D00AC5F1}.CD_ROM|Any CPU.ActiveCfg = Release|Any CPU
		{43A4E13E-27CE-40C0-96F1-7FC2D00AC5F1}.CD_ROM|Any CPU.Build.0 = Release|Any CPU
		{43A4E13E-27CE-40C0-96F1-7FC2D00AC5F1}.Debug|Any CPU.ActiveCfg = Debug|Any CPU
		{43A4E13E-27CE-40C0-96F1-7FC2D00AC5F1}.Debug|Any CPU.Build.0 = Debug|Any CPU
		{43A4E13E-27CE-40C0-96F1-7FC2D00AC5F1}.DVD-5|Any CPU.ActiveCfg = Debug|Any CPU
		{43A4E13E-27CE-40C0-96F1-7FC2D00AC5F1}.DVD-5|Any CPU.Build.0 = Debug|Any CPU
		{43A4E13E-27CE-40C0-96F1-7FC2D00AC5F1}.Release|Any CPU.ActiveCfg = Release|Any CPU
		{43A4E13E-27CE-40C0-96F1-7FC2D00AC5F1}.Release|Any CPU.Build.0 = Release|Any CPU
		{43A4E13E-27CE-40C0-96F1-7FC2D00AC5F1}.SingleImage|Any CPU.ActiveCfg = Release|Any CPU
		{43A4E13E-27CE-40C0-96F1-7FC2D00AC5F1}.SingleImage|Any CPU.Build.0 = Release|Any CPU
		{1F554B1D-C114-4D05-91C5-A9B40A7433A5}.CD_ROM|Any CPU.ActiveCfg = Release|Any CPU
		{1F554B1D-C114-4D05-91C5-A9B40A7433A5}.CD_ROM|Any CPU.Build.0 = Release|Any CPU
		{1F554B1D-C114-4D05-91C5-A9B40A7433A5}.Debug|Any CPU.ActiveCfg = Debug|Any CPU
		{1F554B1D-C114-4D05-91C5-A9B40A7433A5}.Debug|Any CPU.Build.0 = Debug|Any CPU
		{1F554B1D-C114-4D05-91C5-A9B40A7433A5}.DVD-5|Any CPU.ActiveCfg = Debug|Any CPU
		{1F554B1D-C114-4D05-91C5-A9B40A7433A5}.DVD-5|Any CPU.Build.0 = Debug|Any CPU
		{1F554B1D-C114-4D05-91C5-A9B40A7433A5}.Release|Any CPU.ActiveCfg = Release|Any CPU
		{1F554B1D-C114-4D05-91C5-A9B40A7433A5}.Release|Any CPU.Build.0 = Release|Any CPU
		{1F554B1D-C114-4D05-91C5-A9B40A7433A5}.SingleImage|Any CPU.ActiveCfg = Release|Any CPU
		{1F554B1D-C114-4D05-91C5-A9B40A7433A5}.SingleImage|Any CPU.Build.0 = Release|Any CPU
		{A617FA77-BDFB-44FC-B496-B7B492FE7074}.CD_ROM|Any CPU.ActiveCfg = Release|Any CPU
		{A617FA77-BDFB-44FC-B496-B7B492FE7074}.CD_ROM|Any CPU.Build.0 = Release|Any CPU
		{A617FA77-BDFB-44FC-B496-B7B492FE7074}.Debug|Any CPU.ActiveCfg = Debug|Any CPU
		{A617FA77-BDFB-44FC-B496-B7B492FE7074}.Debug|Any CPU.Build.0 = Debug|Any CPU
		{A617FA77-BDFB-44FC-B496-B7B492FE7074}.DVD-5|Any CPU.ActiveCfg = Debug|Any CPU
		{A617FA77-BDFB-44FC-B496-B7B492FE7074}.DVD-5|Any CPU.Build.0 = Debug|Any CPU
		{A617FA77-BDFB-44FC-B496-B7B492FE7074}.Release|Any CPU.ActiveCfg = Release|Any CPU
		{A617FA77-BDFB-44FC-B496-B7B492FE7074}.Release|Any CPU.Build.0 = Release|Any CPU
		{A617FA77-BDFB-44FC-B496-B7B492FE7074}.SingleImage|Any CPU.ActiveCfg = Release|Any CPU
		{A617FA77-BDFB-44FC-B496-B7B492FE7074}.SingleImage|Any CPU.Build.0 = Release|Any CPU
		{F47DE66D-D958-4A15-928B-D738A8ABCCE4}.CD_ROM|Any CPU.ActiveCfg = Release|Any CPU
		{F47DE66D-D958-4A15-928B-D738A8ABCCE4}.CD_ROM|Any CPU.Build.0 = Release|Any CPU
		{F47DE66D-D958-4A15-928B-D738A8ABCCE4}.Debug|Any CPU.ActiveCfg = Debug|Any CPU
		{F47DE66D-D958-4A15-928B-D738A8ABCCE4}.Debug|Any CPU.Build.0 = Debug|Any CPU
		{F47DE66D-D958-4A15-928B-D738A8ABCCE4}.DVD-5|Any CPU.ActiveCfg = Debug|Any CPU
		{F47DE66D-D958-4A15-928B-D738A8ABCCE4}.DVD-5|Any CPU.Build.0 = Debug|Any CPU
		{F47DE66D-D958-4A15-928B-D738A8ABCCE4}.Release|Any CPU.ActiveCfg = Release|Any CPU
		{F47DE66D-D958-4A15-928B-D738A8ABCCE4}.Release|Any CPU.Build.0 = Release|Any CPU
		{F47DE66D-D958-4A15-928B-D738A8ABCCE4}.SingleImage|Any CPU.ActiveCfg = Release|Any CPU
		{F47DE66D-D958-4A15-928B-D738A8ABCCE4}.SingleImage|Any CPU.Build.0 = Release|Any CPU
		{554D3B6D-B773-4B94-AD0B-EA1A4915EF61}.CD_ROM|Any CPU.ActiveCfg = CD_ROM
		{554D3B6D-B773-4B94-AD0B-EA1A4915EF61}.CD_ROM|Any CPU.Build.0 = CD_ROM
		{554D3B6D-B773-4B94-AD0B-EA1A4915EF61}.Debug|Any CPU.ActiveCfg = DVD-5
		{554D3B6D-B773-4B94-AD0B-EA1A4915EF61}.Debug|Any CPU.Build.0 = DVD-5
		{554D3B6D-B773-4B94-AD0B-EA1A4915EF61}.DVD-5|Any CPU.ActiveCfg = DVD-5
		{554D3B6D-B773-4B94-AD0B-EA1A4915EF61}.DVD-5|Any CPU.Build.0 = DVD-5
		{554D3B6D-B773-4B94-AD0B-EA1A4915EF61}.Release|Any CPU.ActiveCfg = SingleImage
		{554D3B6D-B773-4B94-AD0B-EA1A4915EF61}.Release|Any CPU.Build.0 = SingleImage
		{554D3B6D-B773-4B94-AD0B-EA1A4915EF61}.SingleImage|Any CPU.ActiveCfg = SingleImage
		{554D3B6D-B773-4B94-AD0B-EA1A4915EF61}.SingleImage|Any CPU.Build.0 = SingleImage
		{E32EDCC6-C320-449A-9D28-1A07157B9DC4}.CD_ROM|Any CPU.ActiveCfg = Release|Any CPU
		{E32EDCC6-C320-449A-9D28-1A07157B9DC4}.CD_ROM|Any CPU.Build.0 = Release|Any CPU
		{E32EDCC6-C320-449A-9D28-1A07157B9DC4}.Debug|Any CPU.ActiveCfg = Debug|Any CPU
		{E32EDCC6-C320-449A-9D28-1A07157B9DC4}.Debug|Any CPU.Build.0 = Debug|Any CPU
		{E32EDCC6-C320-449A-9D28-1A07157B9DC4}.DVD-5|Any CPU.ActiveCfg = Debug|Any CPU
		{E32EDCC6-C320-449A-9D28-1A07157B9DC4}.DVD-5|Any CPU.Build.0 = Debug|Any CPU
		{E32EDCC6-C320-449A-9D28-1A07157B9DC4}.Release|Any CPU.ActiveCfg = Release|Any CPU
		{E32EDCC6-C320-449A-9D28-1A07157B9DC4}.Release|Any CPU.Build.0 = Release|Any CPU
		{E32EDCC6-C320-449A-9D28-1A07157B9DC4}.SingleImage|Any CPU.ActiveCfg = Release|Any CPU
		{E32EDCC6-C320-449A-9D28-1A07157B9DC4}.SingleImage|Any CPU.Build.0 = Release|Any CPU
	EndGlobalSection
	GlobalSection(SolutionProperties) = preSolution
		HideSolutionNode = FALSE
	EndGlobalSection
	GlobalSection(NestedProjects) = preSolution
		{A1C82741-15EB-4EB5-A885-B00703B08823} = {971BC25E-436A-4336-8834-166B9BB9B905}
		{1F554B1D-C114-4D05-91C5-A9B40A7433A5} = {11F999E3-99D3-4E90-A500-3DA918EA4BF8}
		{A617FA77-BDFB-44FC-B496-B7B492FE7074} = {11F999E3-99D3-4E90-A500-3DA918EA4BF8}
		{F47DE66D-D958-4A15-928B-D738A8ABCCE4} = {11F999E3-99D3-4E90-A500-3DA918EA4BF8}
		{E32EDCC6-C320-449A-9D28-1A07157B9DC4} = {11F999E3-99D3-4E90-A500-3DA918EA4BF8}
		{0084AE16-00E4-4E4C-96E1-A816CFC86CC4} = {536FBC6E-4E28-4B8D-BCDE-2B544CC855E6}
		{43A4E13E-27CE-40C0-96F1-7FC2D00AC5F1} = {536FBC6E-4E28-4B8D-BCDE-2B544CC855E6}
		{63211EA5-AF09-45FA-BE99-82314C5DE91E} = {30A44479-8B3F-4805-9898-5E5734080A0D}
		{554D3B6D-B773-4B94-AD0B-EA1A4915EF61} = {7419BFB2-69F2-472F-BD4C-F7BC9BE0B091}
	EndGlobalSection
EndGlobal
